
Microsoft Visual Studio Solution File, Format Version 12.00
# Visual Studio Version 17
VisualStudioVersion = 17.9.34607.119
MinimumVisualStudioVersion = 10.0.40219.1
Project("{FAE04EC0-301F-11D3-BF4B-00C04F79EFBC}") = "GTA2ModManager48", "GTA2ModManager48\GTA2ModManager48.csproj", "{88BF4094-6BDD-410B-9F9C-577090693DC9}"
EndProject
Global
	GlobalSection(SolutionConfigurationPlatforms) = preSolution
		Debug|Any CPU = Debug|Any CPU
		Release|Any CPU = Release|Any CPU
	EndGlobalSection
	GlobalSection(ProjectConfigurationPlatforms) = postSolution
		{88BF4094-6BDD-410B-9F9C-577090693DC9}.Debug|Any CPU.ActiveCfg = Debug|Any CPU
		{88BF4094-6BDD-410B-9F9C-577090693DC9}.Debug|Any CPU.Build.0 = Debug|Any CPU
		{88BF4094-6BDD-410B-9F9C-577090693DC9}.Release|Any CPU.ActiveCfg = Release|Any CPU
		{88BF4094-6BDD-410B-9F9C-577090693DC9}.Release|Any CPU.Build.0 = Release|Any CPU
	EndGlobalSection
	GlobalSection(SolutionProperties) = preSolution
		HideSolutionNode = FALSE
	EndGlobalSection
	GlobalSection(ExtensibilityGlobals) = postSolution
		SolutionGuid = {8B601558-E576-412B-A07D-4C370E8A37A5}
	EndGlobalSection
EndGlobal
